// !$*UTF8*$!
{
	archiveVersion = 1;
	classes = {
	};
	objectVersion = 46;
	objects = {

/* Begin PBXBuildFile section */
		03EA650A1DF5DD940026E5C9 /* AppDelegate.swift in Sources */ = {isa = PBXBuildFile; fileRef = 03EA65091DF5DD940026E5C9 /* AppDelegate.swift */; };
		03EA650C1DF5DD940026E5C9 /* ViewController.swift in Sources */ = {isa = PBXBuildFile; fileRef = 03EA650B1DF5DD940026E5C9 /* ViewController.swift */; };
		03EA650F1DF5DD940026E5C9 /* Main.storyboard in Resources */ = {isa = PBXBuildFile; fileRef = 03EA650D1DF5DD940026E5C9 /* Main.storyboard */; };
		03EA65111DF5DD940026E5C9 /* Assets.xcassets in Resources */ = {isa = PBXBuildFile; fileRef = 03EA65101DF5DD940026E5C9 /* Assets.xcassets */; };
		03EA65141DF5DD940026E5C9 /* LaunchScreen.storyboard in Resources */ = {isa = PBXBuildFile; fileRef = 03EA65121DF5DD940026E5C9 /* LaunchScreen.storyboard */; };
/* End PBXBuildFile section */

/* Begin PBXFileReference section */
		03EA65061DF5DD940026E5C9 /* coordinates.app */ = {isa = PBXFileReference; explicitFileType = wrapper.application; includeInIndex = 0; path = coordinates.app; sourceTree = BUILT_PRODUCTS_DIR; };
		03EA65091DF5DD940026E5C9 /* AppDelegate.swift */ = {isa = PBXFileReference; lastKnownFileType = sourcecode.swift; path = AppDelegate.swift; sourceTree = "<group>"; };
		03EA650B1DF5DD940026E5C9 /* ViewController.swift */ = {isa = PBXFileReference; lastKnownFileType = sourcecode.swift; path = ViewController.swift; sourceTree = "<group>"; };
		03EA650E1DF5DD940026E5C9 /* Base */ = {isa = PBXFileReference; lastKnownFileType = file.storyboard; name = Base; path = Base.lproj/Main.storyboard; sourceTree = "<group>"; };
		03EA65101DF5DD940026E5C9 /* Assets.xcassets */ = {isa = PBXFileReference; lastKnownFileType = folder.assetcatalog; path = Assets.xcassets; sourceTree = "<group>"; };
		03EA65131DF5DD940026E5C9 /* Base */ = {isa = PBXFileReference; lastKnownFileType = file.storyboard; name = Base; path = Base.lproj/LaunchScreen.storyboard; sourceTree = "<group>"; };
		03EA65151DF5DD940026E5C9 /* Info.plist */ = {isa = PBXFileReference; lastKnownFileType = text.plist.xml; path = Info.plist; sourceTree = "<group>"; };
/* End PBXFileReference section */

/* Begin PBXFrameworksBuildPhase section */
		03EA65031DF5DD940026E5C9 /* Frameworks */ = {
			isa = PBXFrameworksBuildPhase;
			buildActionMask = 2147483647;
			files = (
			);
			runOnlyForDeploymentPostprocessing = 0;
		};
/* End PBXFrameworksBuildPhase section */

/* Begin PBXGroup section */
		03EA64FD1DF5DD940026E5C9 = {
			isa = PBXGroup;
			children = (
				03EA65081DF5DD940026E5C9 /* coordinates */,
				03EA65071DF5DD940026E5C9 /* Products */,
			);
			sourceTree = "<group>";
		};
		03EA65071DF5DD940026E5C9 /* Products */ = {
			isa = PBXGroup;
			children = (
				03EA65061DF5DD940026E5C9 /* coordinates.app */,
			);
			name = Products;
			sourceTree = "<group>";
		};
		03EA65081DF5DD940026E5C9 /* coordinates */ = {
			isa = PBXGroup;
			children = (
				03EA65091DF5DD940026E5C9 /* AppDelegate.swift */,
				03EA650B1DF5DD940026E5C9 /* ViewController.swift */,
				03EA650D1DF5DD940026E5C9 /* Main.storyboard */,
				03EA65101DF5DD940026E5C9 /* Assets.xcassets */,
				03EA65121DF5DD940026E5C9 /* LaunchScreen.storyboard */,
				03EA65151DF5DD940026E5C9 /* Info.plist */,
			);
			path = coordinates;
			sourceTree = "<group>";
		};
/* End PBXGroup section */

/* Begin PBXNativeTarget section */
		03EA65051DF5DD940026E5C9 /* coordinates */ = {
			isa = PBXNativeTarget;
			buildConfigurationList = 03EA65181DF5DD940026E5C9 /* Build configuration list for PBXNativeTarget "coordinates" */;
			buildPhases = (
				03EA65021DF5DD940026E5C9 /* Sources */,
				03EA65031DF5DD940026E5C9 /* Frameworks */,
				03EA65041DF5DD940026E5C9 /* Resources */,
			);
			buildRules = (
			);
			dependencies = (
			);
			name = coordinates;
			productName = coordinates;
			productReference = 03EA65061DF5DD940026E5C9 /* coordinates.app */;
			productType = "com.apple.product-type.application";
		};
/* End PBXNativeTarget section */

/* Begin PBXProject section */
		03EA64FE1DF5DD940026E5C9 /* Project object */ = {
			isa = PBXProject;
			attributes = {
				LastSwiftUpdateCheck = 0810;
				LastUpgradeCheck = 0810;
				ORGANIZATIONNAME = MyOrganization;
				TargetAttributes = {
					03EA65051DF5DD940026E5C9 = {
						CreatedOnToolsVersion = 8.1;
						DevelopmentTeam = 6U93SRWVYH;
						ProvisioningStyle = Automatic;
					};
				};
			};
			buildConfigurationList = 03EA65011DF5DD940026E5C9 /* Build configuration list for PBXProject "coordinates" */;
			compatibilityVersion = "Xcode 3.2";
			developmentRegion = English;
			hasScannedForEncodings = 0;
			knownRegions = (
				en,
				Base,
			);
			mainGroup = 03EA64FD1DF5DD940026E5C9;
			productRefGroup = 03EA65071DF5DD940026E5C9 /* Products */;
			projectDirPath = "";
			projectRoot = "";
			targets = (
				03EA65051DF5DD940026E5C9 /* coordinates */,
			);
		};
/* End PBXProject section */

/* Begin PBXResourcesBuildPhase section */
		03EA65041DF5DD940026E5C9 /* Resources */ = {
			isa = PBXResourcesBuildPhase;
			buildActionMask = 2147483647;
			files = (
				03EA65141DF5DD940026E5C9 /* LaunchScreen.storyboard in Resources */,
				03EA65111DF5DD940026E5C9 /* Assets.xcassets in Resources */,
				03EA650F1DF5DD940026E5C9 /* Main.storyboard in Resources */,
			);
			runOnlyForDeploymentPostprocessing = 0;
		};
/* End PBXResourcesBuildPhase section */

/* Begin PBXSourcesBuildPhase section */
		03EA65021DF5DD940026E5C9 /* Sources */ = {
			isa = PBXSourcesBuildPhase;
			buildActionMask = 2147483647;
			files = (
				03EA650C1DF5DD940026E5C9 /* ViewController.swift in Sources */,
				03EA650A1DF5DD940026E5C9 /* AppDelegate.swift in Sources */,
			);
			runOnlyForDeploymentPostprocessing = 0;
		};
/* End PBXSourcesBuildPhase section */

/* Begin PBXVariantGroup section */
		03EA650D1DF5DD940026E5C9 /* Main.storyboard */ = {
			isa = PBXVariantGroup;
			children = (
				03EA650E1DF5DD940026E5C9 /* Base */,
			);
			name = Main.storyboard;
			sourceTree = "<group>";
		};
		03EA65121DF5DD940026E5C9 /* LaunchScreen.storyboard */ = {
			isa = PBXVariantGroup;
			children = (
				03EA65131DF5DD940026E5C9 /* Base */,
			);
			name = LaunchScreen.storyboard;
			sourceTree = "<group>";
		};
/* End PBXVariantGroup section */

/* Begin XCBuildConfiguration section */
		03EA65161DF5DD940026E5C9 /* Debug */ = {
			isa = XCBuildConfiguration;
			buildSettings = {
				ALWAYS_SEARCH_USER_PATHS = NO;
				CLANG_ANALYZER_NONNULL = YES;
				CLANG_CXX_LANGUAGE_STANDARD = "gnu++0x";
				CLANG_CXX_LIBRARY = "libc++";
				CLANG_ENABLE_MODULES = YES;
				CLANG_ENABLE_OBJC_ARC = YES;
				CLANG_WARN_BOOL_CONVERSION = YES;
				CLANG_WARN_CONSTANT_CONVERSION = YES;
				CLANG_WARN_DIRECT_OBJC_ISA_USAGE = YES_ERROR;
				CLANG_WARN_DOCUMENTATION_COMMENTS = YES;
				CLANG_WARN_EMPTY_BODY = YES;
				CLANG_WARN_ENUM_CONVERSION = YES;
				CLANG_WARN_INFINITE_RECURSION = YES;
				CLANG_WARN_INT_CONVERSION = YES;
				CLANG_WARN_OBJC_ROOT_CLASS = YES_ERROR;
				CLANG_WARN_SUSPICIOUS_MOVES = YES;
				CLANG_WARN_UNREACHABLE_CODE = YES;
				CLANG_WARN__DUPLICATE_METHOD_MATCH = YES;
				"CODE_SIGN_IDENTITY[sdk=iphoneos*]" = "iPhone Developer";
				COPY_PHASE_STRIP = NO;
				DEBUG_INFORMATION_FORMAT = dwarf;
				ENABLE_STRICT_OBJC_MSGSEND = YES;
				ENABLE_TESTABILITY = YES;
				GCC_C_LANGUAGE_STANDARD = gnu99;
				GCC_DYNAMIC_NO_PIC = NO;
				GCC_NO_COMMON_BLOCKS = YES;
				GCC_OPTIMIZATION_LEVEL = 0;
				GCC_PREPROCESSOR_DEFINITIONS = (
					"DEBUG=1",
					"$(inherited)",
				);
				GCC_WARN_64_TO_32_BIT_CONVERSION = YES;
				GCC_WARN_ABOUT_RETURN_TYPE = YES_ERROR;
				GCC_WARN_UNDECLARED_SELECTOR = YES;
				GCC_WARN_UNINITIALIZED_AUTOS = YES_AGGRESSIVE;
				GCC_WARN_UNUSED_FUNCTION = YES;
				GCC_WARN_UNUSED_VARIABLE = YES;
				IPHONEOS_DEPLOYMENT_TARGET = 10.1;
				MTL_ENABLE_DEBUG_INFO = YES;
				ONLY_ACTIVE_ARCH = YES;
				SDKROOT = iphoneos;
				SWIFT_ACTIVE_COMPILATION_CONDITIONS = DEBUG;
				SWIFT_OPTIMIZATION_LEVEL = "-Onone";
			};
			name = Debug;
		};
		03EA65171DF5DD940026E5C9 /* Release */ = {
			isa = XCBuildConfiguration;
			buildSettings = {
				ALWAYS_SEARCH_USER_PATHS = NO;
				CLANG_ANALYZER_NONNULL = YES;
				CLANG_CXX_LANGUAGE_STANDARD = "gnu++0x";
				CLANG_CXX_LIBRARY = "libc++";
				CLANG_ENABLE_MODULES = YES;
				CLANG_ENABLE_OBJC_ARC = YES;
				CLANG_WARN_BOOL_CONVERSION = YES;
				CLANG_WARN_CONSTANT_CONVERSION = YES;
				CLANG_WARN_DIRECT_OBJC_ISA_USAGE = YES_ERROR;
				CLANG_WARN_DOCUMENTATION_COMMENTS = YES;
				CLANG_WARN_EMPTY_BODY = YES;
				CLANG_WARN_ENUM_CONVERSION = YES;
				CLANG_WARN_INFINITE_RECURSION = YES;
				CLANG_WARN_INT_CONVERSION = YES;
				CLANG_WARN_OBJC_ROOT_CLASS = YES_ERROR;
				CLANG_WARN_SUSPICIOUS_MOVES = YES;
				CLANG_WARN_UNREACHABLE_CODE = YES;
				CLANG_WARN__DUPLICATE_METHOD_MATCH = YES;
				"CODE_SIGN_IDENTITY[sdk=iphoneos*]" = "iPhone Developer";
				COPY_PHASE_STRIP = NO;
				DEBUG_INFORMATION_FORMAT = "dwarf-with-dsym";
				ENABLE_NS_ASSERTIONS = NO;
				ENABLE_STRICT_OBJC_MSGSEND = YES;
				GCC_C_LANGUAGE_STANDARD = gnu99;
				GCC_NO_COMMON_BLOCKS = YES;
				GCC_WARN_64_TO_32_BIT_CONVERSION = YES;
				GCC_WARN_ABOUT_RETURN_TYPE = YES_ERROR;
				GCC_WARN_UNDECLARED_SELECTOR = YES;
				GCC_WARN_UNINITIALIZED_AUTOS = YES_AGGRESSIVE;
				GCC_WARN_UNUSED_FUNCTION = YES;
				GCC_WARN_UNUSED_VARIABLE = YES;
				IPHONEOS_DEPLOYMENT_TARGET = 10.1;
				MTL_ENABLE_DEBUG_INFO = NO;
				SDKROOT = iphoneos;
				SWIFT_OPTIMIZATION_LEVEL = "-Owholemodule";
				VALIDATE_PRODUCT = YES;
			};
			name = Release;
		};
		03EA65191DF5DD940026E5C9 /* Debug */ = {
			isa = XCBuildConfiguration;
			buildSettings = {
				ASSETCATALOG_COMPILER_APPICON_NAME = AppIcon;
				DEVELOPMENT_TEAM = 6U93SRWVYH;
				INFOPLIST_FILE = coordinates/Info.plist;
				LD_RUNPATH_SEARCH_PATHS = "$(inherited) @executable_path/Frameworks";
				PRODUCT_BUNDLE_IDENTIFIER = com.myorganization.coordinates;
				PRODUCT_NAME = "$(TARGET_NAME)";
				SWIFT_VERSION = 3.0;
			};
			name = Debug;
		};
		03EA651A1DF5DD940026E5C9 /* Release */ = {
			isa = XCBuildConfiguration;
			buildSettings = {
				ASSETCATALOG_COMPILER_APPICON_NAME = AppIcon;
				DEVELOPMENT_TEAM = 6U93SRWVYH;
				INFOPLIST_FILE = coordinates/Info.plist;
				LD_RUNPATH_SEARCH_PATHS = "$(inherited) @executable_path/Frameworks";
				PRODUCT_BUNDLE_IDENTIFIER = com.myorganization.coordinates;
				PRODUCT_NAME = "$(TARGET_NAME)";
				SWIFT_VERSION = 3.0;
			};
			name = Release;
		};
/* End XCBuildConfiguration section */

/* Begin XCConfigurationList section */
		03EA65011DF5DD940026E5C9 /* Build configuration list for PBXProject "coordinates" */ = {
			isa = XCConfigurationList;
			buildConfigurations = (
				03EA65161DF5DD940026E5C9 /* Debug */,
				03EA65171DF5DD940026E5C9 /* Release */,
			);
			defaultConfigurationIsVisible = 0;
			defaultConfigurationName = Release;
		};
		03EA65181DF5DD940026E5C9 /* Build configuration list for PBXNativeTarget "coordinates" */ = {
			isa = XCConfigurationList;
			buildConfigurations = (
				03EA65191DF5DD940026E5C9 /* Debug */,
				03EA651A1DF5DD940026E5C9 /* Release */,
			);
			defaultConfigurationIsVisible = 0;
			defaultConfigurationName = Release;
		};
/* End XCConfigurationList section */
	};
	rootObject = 03EA64FE1DF5DD940026E5C9 /* Project object */;
}
